// !$*UTF8*$!
{
	archiveVersion = 1;
	classes = {
	};
	objectVersion = 77;
	objects = {

/* Begin PBXContainerItemProxy section */
		C04D55A32E8CE35400184420 /* PBXContainerItemProxy */ = {
			isa = PBXContainerItemProxy;
			containerPortal = C04D558A2E8CE35200184420 /* Project object */;
			proxyType = 1;
			remoteGlobalIDString = C04D55912E8CE35200184420;
			remoteInfo = BadHabitBreaker;
		};
		C04D55AD2E8CE35400184420 /* PBXContainerItemProxy */ = {
			isa = PBXContainerItemProxy;
			containerPortal = C04D558A2E8CE35200184420 /* Project object */;
			proxyType = 1;
			remoteGlobalIDString = C04D55912E8CE35200184420;
			remoteInfo = BadHabitBreaker;
		};
/* End PBXContainerItemProxy section */

/* Begin PBXFileReference section */
		C04D55922E8CE35200184420 /* BadHabitBreaker.app */ = {isa = PBXFileReference; explicitFileType = wrapper.application; includeInIndex = 0; path = BadHabitBreaker.app; sourceTree = BUILT_PRODUCTS_DIR; };
		C04D55A22E8CE35400184420 /* BadHabitBreakerTests.xctest */ = {isa = PBXFileReference; explicitFileType = wrapper.cfbundle; includeInIndex = 0; path = BadHabitBreakerTests.xctest; sourceTree = BUILT_PRODUCTS_DIR; };
		C04D55AC2E8CE35400184420 /* BadHabitBreakerUITests.xctest */ = {isa = PBXFileReference; explicitFileType = wrapper.cfbundle; includeInIndex = 0; path = BadHabitBreakerUITests.xctest; sourceTree = BUILT_PRODUCTS_DIR; };
/* End PBXFileReference section */

/* Begin PBXFileSystemSynchronizedRootGroup section */
		C04D55942E8CE35200184420 /* BadHabitBreaker */ = {
			isa = PBXFileSystemSynchronizedRootGroup;
			path = BadHabitBreaker;
			sourceTree = "<group>";
		};
		C04D55A52E8CE35400184420 /* BadHabitBreakerTests */ = {
			isa = PBXFileSystemSynchronizedRootGroup;
			path = BadHabitBreakerTests;
			sourceTree = "<group>";
		};
		C04D55AF2E8CE35400184420 /* BadHabitBreakerUITests */ = {
			isa = PBXFileSystemSynchronizedRootGroup;
			path = BadHabitBreakerUITests;
			sourceTree = "<group>";
		};
/* End PBXFileSystemSynchronizedRootGroup section */

/* Begin PBXFrameworksBuildPhase section */
		C04D558F2E8CE35200184420 /* Frameworks */ = {
			isa = PBXFrameworksBuildPhase;
			buildActionMask = 2147483647;
			files = (
			);
			runOnlyForDeploymentPostprocessing = 0;
		};
		C04D559F2E8CE35400184420 /* Frameworks */ = {
			isa = PBXFrameworksBuildPhase;
			buildActionMask = 2147483647;
			files = (
			);
			runOnlyForDeploymentPostprocessing = 0;
		};
		C04D55A92E8CE35400184420 /* Frameworks */ = {
			isa = PBXFrameworksBuildPhase;
			buildActionMask = 2147483647;
			files = (
			);
			runOnlyForDeploymentPostprocessing = 0;
		};
/* End PBXFrameworksBuildPhase section */

/* Begin PBXGroup section */
		C04D55892E8CE35200184420 = {
			isa = PBXGroup;
			children = (
				C04D55942E8CE35200184420 /* BadHabitBreaker */,
				C04D55A52E8CE35400184420 /* BadHabitBreakerTests */,
				C04D55AF2E8CE35400184420 /* BadHabitBreakerUITests */,
				C04D55932E8CE35200184420 /* Products */,
			);
			sourceTree = "<group>";
		};
		C04D55932E8CE35200184420 /* Products */ = {
			isa = PBXGroup;
			children = (
				C04D55922E8CE35200184420 /* BadHabitBreaker.app */,
				C04D55A22E8CE35400184420 /* BadHabitBreakerTests.xctest */,
				C04D55AC2E8CE35400184420 /* BadHabitBreakerUITests.xctest */,
			);
			name = Products;
			sourceTree = "<group>";
		};
/* End PBXGroup section */

/* Begin PBXNativeTarget section */
		C04D55912E8CE35200184420 /* BadHabitBreaker */ = {
			isa = PBXNativeTarget;
			buildConfigurationList = C04D55B62E8CE35400184420 /* Build configuration list for PBXNativeTarget "BadHabitBreaker" */;
			buildPhases = (
				C04D558E2E8CE35200184420 /* Sources */,
				C04D558F2E8CE35200184420 /* Frameworks */,
				C04D55902E8CE35200184420 /* Resources */,
			);
			buildRules = (
			);
			dependencies = (
			);
			fileSystemSynchronizedGroups = (
				C04D55942E8CE35200184420 /* BadHabitBreaker */,
			);
			name = BadHabitBreaker;
			packageProductDependencies = (
			);
			productName = BadHabitBreaker;
			productReference = C04D55922E8CE35200184420 /* BadHabitBreaker.app */;
			productType = "com.apple.product-type.application";
		};
		C04D55A12E8CE35400184420 /* BadHabitBreakerTests */ = {
			isa = PBXNativeTarget;
			buildConfigurationList = C04D55B92E8CE35400184420 /* Build configuration list for PBXNativeTarget "BadHabitBreakerTests" */;
			buildPhases = (
				C04D559E2E8CE35400184420 /* Sources */,
				C04D559F2E8CE35400184420 /* Frameworks */,
				C04D55A02E8CE35400184420 /* Resources */,
			);
			buildRules = (
			);
			dependencies = (
				C04D55A42E8CE35400184420 /* PBXTargetDependency */,
			);
			fileSystemSynchronizedGroups = (
				C04D55A52E8CE35400184420 /* BadHabitBreakerTests */,
			);
			name = BadHabitBreakerTests;
			packageProductDependencies = (
			);
			productName = BadHabitBreakerTests;
			productReference = C04D55A22E8CE35400184420 /* BadHabitBreakerTests.xctest */;
			productType = "com.apple.product-type.bundle.unit-test";
		};
		C04D55AB2E8CE35400184420 /* BadHabitBreakerUITests */ = {
			isa = PBXNativeTarget;
			buildConfigurationList = C04D55BC2E8CE35400184420 /* Build configuration list for PBXNativeTarget "BadHabitBreakerUITests" */;
			buildPhases = (
				C04D55A82E8CE35400184420 /* Sources */,
				C04D55A92E8CE35400184420 /* Frameworks */,
				C04D55AA2E8CE35400184420 /* Resources */,
			);
			buildRules = (
			);
			dependencies = (
				C04D55AE2E8CE35400184420 /* PBXTargetDependency */,
			);
			fileSystemSynchronizedGroups = (
				C04D55AF2E8CE35400184420 /* BadHabitBreakerUITests */,
			);
			name = BadHabitBreakerUITests;
			packageProductDependencies = (
			);
			productName = BadHabitBreakerUITests;
			productReference = C04D55AC2E8CE35400184420 /* BadHabitBreakerUITests.xctest */;
			productType = "com.apple.product-type.bundle.ui-testing";
		};
/* End PBXNativeTarget section */

/* Begin PBXProject section */
		C04D558A2E8CE35200184420 /* Project object */ = {
			isa = PBXProject;
			attributes = {
				BuildIndependentTargetsInParallel = 1;
				LastSwiftUpdateCheck = 1620;
				LastUpgradeCheck = 1620;
				TargetAttributes = {
					C04D55912E8CE35200184420 = {
						CreatedOnToolsVersion = 16.2;
					};
					C04D55A12E8CE35400184420 = {
						CreatedOnToolsVersion = 16.2;
						TestTargetID = C04D55912E8CE35200184420;
					};
					C04D55AB2E8CE35400184420 = {
						CreatedOnToolsVersion = 16.2;
						TestTargetID = C04D55912E8CE35200184420;
					};
				};
			};
			buildConfigurationList = C04D558D2E8CE35200184420 /* Build configuration list for PBXProject "BadHabitBreaker" */;
			developmentRegion = en;
			hasScannedForEncodings = 0;
			knownRegions = (
				en,
				Base,
			);
			mainGroup = C04D55892E8CE35200184420;
			minimizedProjectReferenceProxies = 1;
			preferredProjectObjectVersion = 77;
			productRefGroup = C04D55932E8CE35200184420 /* Products */;
			projectDirPath = "";
			projectRoot = "";
			targets = (
				C04D55912E8CE35200184420 /* BadHabitBreaker */,
				C04D55A12E8CE35400184420 /* BadHabitBreakerTests */,
				C04D55AB2E8CE35400184420 /* BadHabitBreakerUITests */,
			);
		};
/* End PBXProject section */

/* Begin PBXResourcesBuildPhase section */
		C04D55902E8CE35200184420 /* Resources */ = {
			isa = PBXResourcesBuildPhase;
			buildActionMask = 2147483647;
			files = (
			);
			runOnlyForDeploymentPostprocessing = 0;
		};
		C04D55A02E8CE35400184420 /* Resources */ = {
			isa = PBXResourcesBuildPhase;
			buildActionMask = 2147483647;
			files = (
			);
			runOnlyForDeploymentPostprocessing = 0;
		};
		C04D55AA2E8CE35400184420 /* Resources */ = {
			isa = PBXResourcesBuildPhase;
			buildActionMask = 2147483647;
			files = (
			);
			runOnlyForDeploymentPostprocessing = 0;
		};
/* End PBXResourcesBuildPhase section */

/* Begin PBXSourcesBuildPhase section */
		C04D558E2E8CE35200184420 /* Sources */ = {
			isa = PBXSourcesBuildPhase;
			buildActionMask = 2147483647;
			files = (
			);
			runOnlyForDeploymentPostprocessing = 0;
		};
		C04D559E2E8CE35400184420 /* Sources */ = {
			isa = PBXSourcesBuildPhase;
			buildActionMask = 2147483647;
			files = (
			);
			runOnlyForDeploymentPostprocessing = 0;
		};
		C04D55A82E8CE35400184420 /* Sources */ = {
			isa = PBXSourcesBuildPhase;
			buildActionMask = 2147483647;
			files = (
			);
			runOnlyForDeploymentPostprocessing = 0;
		};
/* End PBXSourcesBuildPhase section */

/* Begin PBXTargetDependency section */
		C04D55A42E8CE35400184420 /* PBXTargetDependency */ = {
			isa = PBXTargetDependency;
			target = C04D55912E8CE35200184420 /* BadHabitBreaker */;
			targetProxy = C04D55A32E8CE35400184420 /* PBXContainerItemProxy */;
		};
		C04D55AE2E8CE35400184420 /* PBXTargetDependency */ = {
			isa = PBXTargetDependency;
			target = C04D55912E8CE35200184420 /* BadHabitBreaker */;
			targetProxy = C04D55AD2E8CE35400184420 /* PBXContainerItemProxy */;
		};
/* End PBXTargetDependency section */

/* Begin XCBuildConfiguration section */
		C04D55B42E8CE35400184420 /* Debug */ = {
			isa = XCBuildConfiguration;
			buildSettings = {
				ALWAYS_SEARCH_USER_PATHS = NO;
				ASSETCATALOG_COMPILER_GENERATE_SWIFT_ASSET_SYMBOL_EXTENSIONS = YES;
				CLANG_ANALYZER_NONNULL = YES;
				CLANG_ANALYZER_NUMBER_OBJECT_CONVERSION = YES_AGGRESSIVE;
				CLANG_CXX_LANGUAGE_STANDARD = "gnu++20";
				CLANG_ENABLE_MODULES = YES;
				CLANG_ENABLE_OBJC_ARC = YES;
				CLANG_ENABLE_OBJC_WEAK = YES;
				CLANG_WARN_BLOCK_CAPTURE_AUTORELEASING = YES;
				CLANG_WARN_BOOL_CONVERSION = YES;
				CLANG_WARN_COMMA = YES;
				CLANG_WARN_CONSTANT_CONVERSION = YES;
				CLANG_WARN_DEPRECATED_OBJC_IMPLEMENTATIONS = YES;
				CLANG_WARN_DIRECT_OBJC_ISA_USAGE = YES_ERROR;
				CLANG_WARN_DOCUMENTATION_COMMENTS = YES;
				CLANG_WARN_EMPTY_BODY = YES;
				CLANG_WARN_ENUM_CONVERSION = YES;
				CLANG_WARN_INFINITE_RECURSION = YES;
				CLANG_WARN_INT_CONVERSION = YES;
				CLANG_WARN_NON_LITERAL_NULL_CONVERSION = YES;
				CLANG_WARN_OBJC_IMPLICIT_RETAIN_SELF = YES;
				CLANG_WARN_OBJC_LITERAL_CONVERSION = YES;
				CLANG_WARN_OBJC_ROOT_CLASS = YES_ERROR;
				CLANG_WARN_QUOTED_INCLUDE_IN_FRAMEWORK_HEADER = YES;
				CLANG_WARN_RANGE_LOOP_ANALYSIS = YES;
				CLANG_WARN_STRICT_PROTOTYPES = YES;
				CLANG_WARN_SUSPICIOUS_MOVE = YES;
				CLANG_WARN_UNGUARDED_AVAILABILITY = YES_AGGRESSIVE;
				CLANG_WARN_UNREACHABLE_CODE = YES;
				CLANG_WARN__DUPLICATE_METHOD_MATCH = YES;
				COPY_PHASE_STRIP = NO;
				DEBUG_INFORMATION_FORMAT = dwarf;
				ENABLE_STRICT_OBJC_MSGSEND = YES;
				ENABLE_TESTABILITY = YES;
				ENABLE_USER_SCRIPT_SANDBOXING = YES;
				GCC_C_LANGUAGE_STANDARD = gnu17;
				GCC_DYNAMIC_NO_PIC = NO;
				GCC_NO_COMMON_BLOCKS = YES;
				GCC_OPTIMIZATION_LEVEL = 0;
				GCC_PREPROCESSOR_DEFINITIONS = (
					"DEBUG=1",
					"$(inherited)",
				);
				GCC_WARN_64_TO_32_BIT_CONVERSION = YES;
				GCC_WARN_ABOUT_RETURN_TYPE = YES_ERROR;
				GCC_WARN_UNDECLARED_SELECTOR = YES;
				GCC_WARN_UNINITIALIZED_AUTOS = YES_AGGRESSIVE;
				GCC_WARN_UNUSED_FUNCTION = YES;
				GCC_WARN_UNUSED_VARIABLE = YES;
				IPHONEOS_DEPLOYMENT_TARGET = 18.2;
				LOCALIZATION_PREFERS_STRING_CATALOGS = YES;
				MTL_ENABLE_DEBUG_INFO = INCLUDE_SOURCE;
				MTL_FAST_MATH = YES;
				ONLY_ACTIVE_ARCH = YES;
				SDKROOT = iphoneos;
				SWIFT_ACTIVE_COMPILATION_CONDITIONS = "DEBUG $(inherited)";
				SWIFT_OPTIMIZATION_LEVEL = "-Onone";
			};
			name = Debug;
		};
		C04D55B52E8CE35400184420 /* Release */ = {
			isa = XCBuildConfiguration;
			buildSettings = {
				ALWAYS_SEARCH_USER_PATHS = NO;
				ASSETCATALOG_COMPILER_GENERATE_SWIFT_ASSET_SYMBOL_EXTENSIONS = YES;
				CLANG_ANALYZER_NONNULL = YES;
				CLANG_ANALYZER_NUMBER_OBJECT_CONVERSION = YES_AGGRESSIVE;
				CLANG_CXX_LANGUAGE_STANDARD = "gnu++20";
				CLANG_ENABLE_MODULES = YES;
				CLANG_ENABLE_OBJC_ARC = YES;
				CLANG_ENABLE_OBJC_WEAK = YES;
				CLANG_WARN_BLOCK_CAPTURE_AUTORELEASING = YES;
				CLANG_WARN_BOOL_CONVERSION = YES;
				CLANG_WARN_COMMA = YES;
				CLANG_WARN_CONSTANT_CONVERSION = YES;
				CLANG_WARN_DEPRECATED_OBJC_IMPLEMENTATIONS = YES;
				CLANG_WARN_DIRECT_OBJC_ISA_USAGE = YES_ERROR;
				CLANG_WARN_DOCUMENTATION_COMMENTS = YES;
				CLANG_WARN_EMPTY_BODY = YES;
				CLANG_WARN_ENUM_CONVERSION = YES;
				CLANG_WARN_INFINITE_RECURSION = YES;
				CLANG_WARN_INT_CONVERSION = YES;
				CLANG_WARN_NON_LITERAL_NULL_CONVERSION = YES;
				CLANG_WARN_OBJC_IMPLICIT_RETAIN_SELF = YES;
				CLANG_WARN_OBJC_LITERAL_CONVERSION = YES;
				CLANG_WARN_OBJC_ROOT_CLASS = YES_ERROR;
				CLANG_WARN_QUOTED_INCLUDE_IN_FRAMEWORK_HEADER = YES;
				CLANG_WARN_RANGE_LOOP_ANALYSIS = YES;
				CLANG_WARN_STRICT_PROTOTYPES = YES;
				CLANG_WARN_SUSPICIOUS_MOVE = YES;
				CLANG_WARN_UNGUARDED_AVAILABILITY = YES_AGGRESSIVE;
				CLANG_WARN_UNREACHABLE_CODE = YES;
				CLANG_WARN__DUPLICATE_METHOD_MATCH = YES;
				COPY_PHASE_STRIP = NO;
				DEBUG_INFORMATION_FORMAT = "dwarf-with-dsym";
				ENABLE_NS_ASSERTIONS = NO;
				ENABLE_STRICT_OBJC_MSGSEND = YES;
				ENABLE_USER_SCRIPT_SANDBOXING = YES;
				GCC_C_LANGUAGE_STANDARD = gnu17;
				GCC_NO_COMMON_BLOCKS = YES;
				GCC_WARN_64_TO_32_BIT_CONVERSION = YES;
				GCC_WARN_ABOUT_RETURN_TYPE = YES_ERROR;
				GCC_WARN_UNDECLARED_SELECTOR = YES;
				GCC_WARN_UNINITIALIZED_AUTOS = YES_AGGRESSIVE;
				GCC_WARN_UNUSED_FUNCTION = YES;
				GCC_WARN_UNUSED_VARIABLE = YES;
				IPHONEOS_DEPLOYMENT_TARGET = 18.2;
				LOCALIZATION_PREFERS_STRING_CATALOGS = YES;
				MTL_ENABLE_DEBUG_INFO = NO;
				MTL_FAST_MATH = YES;
				SDKROOT = iphoneos;
				SWIFT_COMPILATION_MODE = wholemodule;
				VALIDATE_PRODUCT = YES;
			};
			name = Release;
		};
		C04D55B72E8CE35400184420 /* Debug */ = {
			isa = XCBuildConfiguration;
			buildSettings = {
				ASSETCATALOG_COMPILER_APPICON_NAME = AppIcon;
				ASSETCATALOG_COMPILER_GLOBAL_ACCENT_COLOR_NAME = AccentColor;
				CODE_SIGN_STYLE = Automatic;
				CURRENT_PROJECT_VERSION = 1;
				DEVELOPMENT_ASSET_PATHS = "\"BadHabitBreaker/Preview Content\"";
				DEVELOPMENT_TEAM = MN7STWXWLK;
				ENABLE_PREVIEWS = YES;
				GENERATE_INFOPLIST_FILE = YES;
				INFOPLIST_KEY_UIApplicationSceneManifest_Generation = YES;
				INFOPLIST_KEY_UIApplicationSupportsIndirectInputEvents = YES;
				INFOPLIST_KEY_UILaunchScreen_Generation = YES;
				INFOPLIST_KEY_UISupportedInterfaceOrientations_iPad = "UIInterfaceOrientationPortrait UIInterfaceOrientationPortraitUpsideDown UIInterfaceOrientationLandscapeLeft UIInterfaceOrientationLandscapeRight";
				INFOPLIST_KEY_UISupportedInterfaceOrientations_iPhone = "UIInterfaceOrientationPortrait UIInterfaceOrientationLandscapeLeft UIInterfaceOrientationLandscapeRight";
				LD_RUNPATH_SEARCH_PATHS = (
					"$(inherited)",
					"@executable_path/Frameworks",
				);
				MARKETING_VERSION = 1.0;
				PRODUCT_BUNDLE_IDENTIFIER = com.BadHabitBreaker;
				PRODUCT_NAME = "$(TARGET_NAME)";
				SWIFT_EMIT_LOC_STRINGS = YES;
				SWIFT_VERSION = 5.0;
				TARGETED_DEVICE_FAMILY = "1,2";
			};
			name = Debug;
		};
		C04D55B82E8CE35400184420 /* Release */ = {
			isa = XCBuildConfiguration;
			buildSettings = {
				ASSETCATALOG_COMPILER_APPICON_NAME = AppIcon;
				ASSETCATALOG_COMPILER_GLOBAL_ACCENT_COLOR_NAME = AccentColor;
				CODE_SIGN_STYLE = Automatic;
				CURRENT_PROJECT_VERSION = 1;
				DEVELOPMENT_ASSET_PATHS = "\"BadHabitBreaker/Preview Content\"";
				DEVELOPMENT_TEAM = MN7STWXWLK;
				ENABLE_PREVIEWS = YES;
				GENERATE_INFOPLIST_FILE = YES;
				INFOPLIST_KEY_UIApplicationSceneManifest_Generation = YES;
				INFOPLIST_KEY_UIApplicationSupportsIndirectInputEvents = YES;
				INFOPLIST_KEY_UILaunchScreen_Generation = YES;
				INFOPLIST_KEY_UISupportedInterfaceOrientations_iPad = "UIInterfaceOrientationPortrait UIInterfaceOrientationPortraitUpsideDown UIInterfaceOrientationLandscapeLeft UIInterfaceOrientationLandscapeRight";
				INFOPLIST_KEY_UISupportedInterfaceOrientations_iPhone = "UIInterfaceOrientationPortrait UIInterfaceOrientationLandscapeLeft UIInterfaceOrientationLandscapeRight";
				LD_RUNPATH_SEARCH_PATHS = (
					"$(inherited)",
					"@executable_path/Frameworks",
				);
				MARKETING_VERSION = 1.0;
				PRODUCT_BUNDLE_IDENTIFIER = com.BadHabitBreaker;
				PRODUCT_NAME = "$(TARGET_NAME)";
				SWIFT_EMIT_LOC_STRINGS = YES;
				SWIFT_VERSION = 5.0;
				TARGETED_DEVICE_FAMILY = "1,2";
			};
			name = Release;
		};
		C04D55BA2E8CE35400184420 /* Debug */ = {
			isa = XCBuildConfiguration;
			buildSettings = {
				BUNDLE_LOADER = "$(TEST_HOST)";
				CODE_SIGN_STYLE = Automatic;
				CURRENT_PROJECT_VERSION = 1;
				DEVELOPMENT_TEAM = MN7STWXWLK;
				GENERATE_INFOPLIST_FILE = YES;
				IPHONEOS_DEPLOYMENT_TARGET = 18.2;
				MARKETING_VERSION = 1.0;
				PRODUCT_BUNDLE_IDENTIFIER = com.BadHabitBreakerTests;
				PRODUCT_NAME = "$(TARGET_NAME)";
				SWIFT_EMIT_LOC_STRINGS = NO;
				SWIFT_VERSION = 5.0;
				TARGETED_DEVICE_FAMILY = "1,2";
				TEST_HOST = "$(BUILT_PRODUCTS_DIR)/BadHabitBreaker.app/$(BUNDLE_EXECUTABLE_FOLDER_PATH)/BadHabitBreaker";
			};
			name = Debug;
		};
		C04D55BB2E8CE35400184420 /* Release */ = {
			isa = XCBuildConfiguration;
			buildSettings = {
				BUNDLE_LOADER = "$(TEST_HOST)";
				CODE_SIGN_STYLE = Automatic;
				CURRENT_PROJECT_VERSION = 1;
				DEVELOPMENT_TEAM = MN7STWXWLK;
				GENERATE_INFOPLIST_FILE = YES;
				IPHONEOS_DEPLOYMENT_TARGET = 18.2;
				MARKETING_VERSION = 1.0;
				PRODUCT_BUNDLE_IDENTIFIER = com.BadHabitBreakerTests;
				PRODUCT_NAME = "$(TARGET_NAME)";
				SWIFT_EMIT_LOC_STRINGS = NO;
				SWIFT_VERSION = 5.0;
				TARGETED_DEVICE_FAMILY = "1,2";
				TEST_HOST = "$(BUILT_PRODUCTS_DIR)/BadHabitBreaker.app/$(BUNDLE_EXECUTABLE_FOLDER_PATH)/BadHabitBreaker";
			};
			name = Release;
		};
		C04D55BD2E8CE35400184420 /* Debug */ = {
			isa = XCBuildConfiguration;
			buildSettings = {
				CODE_SIGN_STYLE = Automatic;
				CURRENT_PROJECT_VERSION = 1;
				DEVELOPMENT_TEAM = MN7STWXWLK;
				GENERATE_INFOPLIST_FILE = YES;
				MARKETING_VERSION = 1.0;
				PRODUCT_BUNDLE_IDENTIFIER = com.BadHabitBreakerUITests;
				PRODUCT_NAME = "$(TARGET_NAME)";
				SWIFT_EMIT_LOC_STRINGS = NO;
				SWIFT_VERSION = 5.0;
				TARGETED_DEVICE_FAMILY = "1,2";
				TEST_TARGET_NAME = BadHabitBreaker;
			};
			name = Debug;
		};
		C04D55BE2E8CE35400184420 /* Release */ = {
			isa = XCBuildConfiguration;
			buildSettings = {
				CODE_SIGN_STYLE = Automatic;
				CURRENT_PROJECT_VERSION = 1;
				DEVELOPMENT_TEAM = MN7STWXWLK;
				GENERATE_INFOPLIST_FILE = YES;
				MARKETING_VERSION = 1.0;
				PRODUCT_BUNDLE_IDENTIFIER = com.BadHabitBreakerUITests;
				PRODUCT_NAME = "$(TARGET_NAME)";
				SWIFT_EMIT_LOC_STRINGS = NO;
				SWIFT_VERSION = 5.0;
				TARGETED_DEVICE_FAMILY = "1,2";
				TEST_TARGET_NAME = BadHabitBreaker;
			};
			name = Release;
		};
/* End XCBuildConfiguration section */

/* Begin XCConfigurationList section */
		C04D558D2E8CE35200184420 /* Build configuration list for PBXProject "BadHabitBreaker" */ = {
			isa = XCConfigurationList;
			buildConfigurations = (
				C04D55B42E8CE35400184420 /* Debug */,
				C04D55B52E8CE35400184420 /* Release */,
			);
			defaultConfigurationIsVisible = 0;
			defaultConfigurationName = Release;
		};
		C04D55B62E8CE35400184420 /* Build configuration list for PBXNativeTarget "BadHabitBreaker" */ = {
			isa = XCConfigurationList;
			buildConfigurations = (
				C04D55B72E8CE35400184420 /* Debug */,
				C04D55B82E8CE35400184420 /* Release */,
			);
			defaultConfigurationIsVisible = 0;
			defaultConfigurationName = Release;
		};
		C04D55B92E8CE35400184420 /* Build configuration list for PBXNativeTarget "BadHabitBreakerTests" */ = {
			isa = XCConfigurationList;
			buildConfigurations = (
				C04D55BA2E8CE35400184420 /* Debug */,
				C04D55BB2E8CE35400184420 /* Release */,
			);
			defaultConfigurationIsVisible = 0;
			defaultConfigurationName = Release;
		};
		C04D55BC2E8CE35400184420 /* Build configuration list for PBXNativeTarget "BadHabitBreakerUITests" */ = {
			isa = XCConfigurationList;
			buildConfigurations = (
				C04D55BD2E8CE35400184420 /* Debug */,
				C04D55BE2E8CE35400184420 /* Release */,
			);
			defaultConfigurationIsVisible = 0;
			defaultConfigurationName = Release;
		};
/* End XCConfigurationList section */
	};
	rootObject = C04D558A2E8CE35200184420 /* Project object */;
}
